
Microsoft Visual Studio Solution File, Format Version 12.00
# Visual Studio Version 16
VisualStudioVersion = 16.0.30503.244
MinimumVisualStudioVersion = 10.0.40219.1
Project("{FAE04EC0-301F-11D3-BF4B-00C04F79EFBC}") = "AbstractHotelView", "AbstractHotel\AbstractHotelView.csproj", "{D6D42748-9E9F-4094-A086-22760115BCEF}"
EndProject
Project("{9A19103F-16F7-4668-BE54-9A1E7A4F7556}") = "AbstractHotelDatabaseImplement", "AbstractHotelDatabase\AbstractHotelDatabaseImplement.csproj", "{1C4AB3C9-A5F7-4973-B9F7-82DD60337F21}"
EndProject
Global
	GlobalSection(SolutionConfigurationPlatforms) = preSolution
		Debug|Any CPU = Debug|Any CPU
		Release|Any CPU = Release|Any CPU
	EndGlobalSection
	GlobalSection(ProjectConfigurationPlatforms) = postSolution
		{D6D42748-9E9F-4094-A086-22760115BCEF}.Debug|Any CPU.ActiveCfg = Debug|Any CPU
		{D6D42748-9E9F-4094-A086-22760115BCEF}.Debug|Any CPU.Build.0 = Debug|Any CPU
		{D6D42748-9E9F-4094-A086-22760115BCEF}.Release|Any CPU.ActiveCfg = Release|Any CPU
		{D6D42748-9E9F-4094-A086-22760115BCEF}.Release|Any CPU.Build.0 = Release|Any CPU
		{1C4AB3C9-A5F7-4973-B9F7-82DD60337F21}.Debug|Any CPU.ActiveCfg = Debug|Any CPU
		{1C4AB3C9-A5F7-4973-B9F7-82DD60337F21}.Debug|Any CPU.Build.0 = Debug|Any CPU
		{1C4AB3C9-A5F7-4973-B9F7-82DD60337F21}.Release|Any CPU.ActiveCfg = Release|Any CPU
		{1C4AB3C9-A5F7-4973-B9F7-82DD60337F21}.Release|Any CPU.Build.0 = Release|Any CPU
	EndGlobalSection
	GlobalSection(SolutionProperties) = preSolution
		HideSolutionNode = FALSE
	EndGlobalSection
	GlobalSection(ExtensibilityGlobals) = postSolution
		SolutionGuid = {7EBC237C-CD01-4D23-96B9-5768C4EFAC3F}
	EndGlobalSection
EndGlobal
